// !$*UTF8*$!
{
	archiveVersion = 1;
	classes = {
	};
	objectVersion = 50;
	objects = {

/* Begin PBXBuildFile section */
		556F9C64221F12EA00527537 /* AppDelegate.swift in Sources */ = {isa = PBXBuildFile; fileRef = 556F9C63221F12EA00527537 /* AppDelegate.swift */; };
		556F9C66221F12EA00527537 /* ViewController.swift in Sources */ = {isa = PBXBuildFile; fileRef = 556F9C65221F12EA00527537 /* ViewController.swift */; };
		556F9C69221F12EB00527537 /* Main.storyboard in Resources */ = {isa = PBXBuildFile; fileRef = 556F9C67221F12EB00527537 /* Main.storyboard */; };
		556F9C6B221F12EE00527537 /* Assets.xcassets in Resources */ = {isa = PBXBuildFile; fileRef = 556F9C6A221F12EE00527537 /* Assets.xcassets */; };
		556F9C6E221F12EE00527537 /* LaunchScreen.storyboard in Resources */ = {isa = PBXBuildFile; fileRef = 556F9C6C221F12EE00527537 /* LaunchScreen.storyboard */; };
		556F9C79221F12EE00527537 /* TestXcuiUITests.swift in Sources */ = {isa = PBXBuildFile; fileRef = 556F9C78221F12EE00527537 /* TestXcuiUITests.swift */; };
/* End PBXBuildFile section */

/* Begin PBXContainerItemProxy section */
		556F9C75221F12EE00527537 /* PBXContainerItemProxy */ = {
			isa = PBXContainerItemProxy;
			containerPortal = 556F9C58221F12EA00527537 /* Project object */;
			proxyType = 1;
			remoteGlobalIDString = 556F9C5F221F12EA00527537;
			remoteInfo = TestXcui;
		};
/* End PBXContainerItemProxy section */

/* Begin PBXFileReference section */
		556F9C60221F12EA00527537 /* TestXcui.app */ = {isa = PBXFileReference; explicitFileType = wrapper.application; includeInIndex = 0; path = TestXcui.app; sourceTree = BUILT_PRODUCTS_DIR; };
		556F9C63221F12EA00527537 /* AppDelegate.swift */ = {isa = PBXFileReference; lastKnownFileType = sourcecode.swift; path = AppDelegate.swift; sourceTree = "<group>"; };
		556F9C65221F12EA00527537 /* ViewController.swift */ = {isa = PBXFileReference; lastKnownFileType = sourcecode.swift; path = ViewController.swift; sourceTree = "<group>"; };
		556F9C68221F12EB00527537 /* Base */ = {isa = PBXFileReference; lastKnownFileType = file.storyboard; name = Base; path = Base.lproj/Main.storyboard; sourceTree = "<group>"; };
		556F9C6A221F12EE00527537 /* Assets.xcassets */ = {isa = PBXFileReference; lastKnownFileType = folder.assetcatalog; path = Assets.xcassets; sourceTree = "<group>"; };
		556F9C6D221F12EE00527537 /* Base */ = {isa = PBXFileReference; lastKnownFileType = file.storyboard; name = Base; path = Base.lproj/LaunchScreen.storyboard; sourceTree = "<group>"; };
		556F9C6F221F12EE00527537 /* Info.plist */ = {isa = PBXFileReference; lastKnownFileType = text.plist.xml; path = Info.plist; sourceTree = "<group>"; };
		556F9C74221F12EE00527537 /* TestXcuiUITests.xctest */ = {isa = PBXFileReference; explicitFileType = wrapper.cfbundle; includeInIndex = 0; path = TestXcuiUITests.xctest; sourceTree = BUILT_PRODUCTS_DIR; };
		556F9C78221F12EE00527537 /* TestXcuiUITests.swift */ = {isa = PBXFileReference; lastKnownFileType = sourcecode.swift; path = TestXcuiUITests.swift; sourceTree = "<group>"; };
		556F9C7A221F12EE00527537 /* Info.plist */ = {isa = PBXFileReference; lastKnownFileType = text.plist.xml; path = Info.plist; sourceTree = "<group>"; };
/* End PBXFileReference section */

/* Begin PBXFrameworksBuildPhase section */
		556F9C5D221F12EA00527537 /* Frameworks */ = {
			isa = PBXFrameworksBuildPhase;
			buildActionMask = 2147483647;
			files = (
			);
			runOnlyForDeploymentPostprocessing = 0;
		};
		556F9C71221F12EE00527537 /* Frameworks */ = {
			isa = PBXFrameworksBuildPhase;
			buildActionMask = 2147483647;
			files = (
			);
			runOnlyForDeploymentPostprocessing = 0;
		};
/* End PBXFrameworksBuildPhase section */

/* Begin PBXGroup section */
		556F9C57221F12EA00527537 = {
			isa = PBXGroup;
			children = (
				556F9C62221F12EA00527537 /* TestXcui */,
				556F9C77221F12EE00527537 /* TestXcuiUITests */,
				556F9C61221F12EA00527537 /* Products */,
			);
			sourceTree = "<group>";
		};
		556F9C61221F12EA00527537 /* Products */ = {
			isa = PBXGroup;
			children = (
				556F9C60221F12EA00527537 /* TestXcui.app */,
				556F9C74221F12EE00527537 /* TestXcuiUITests.xctest */,
			);
			name = Products;
			sourceTree = "<group>";
		};
		556F9C62221F12EA00527537 /* TestXcui */ = {
			isa = PBXGroup;
			children = (
				556F9C63221F12EA00527537 /* AppDelegate.swift */,
				556F9C65221F12EA00527537 /* ViewController.swift */,
				556F9C67221F12EB00527537 /* Main.storyboard */,
				556F9C6A221F12EE00527537 /* Assets.xcassets */,
				556F9C6C221F12EE00527537 /* LaunchScreen.storyboard */,
				556F9C6F221F12EE00527537 /* Info.plist */,
			);
			path = TestXcui;
			sourceTree = "<group>";
		};
		556F9C77221F12EE00527537 /* TestXcuiUITests */ = {
			isa = PBXGroup;
			children = (
				556F9C78221F12EE00527537 /* TestXcuiUITests.swift */,
				556F9C7A221F12EE00527537 /* Info.plist */,
			);
			path = TestXcuiUITests;
			sourceTree = "<group>";
		};
/* End PBXGroup section */

/* Begin PBXNativeTarget section */
		556F9C5F221F12EA00527537 /* TestXcui */ = {
			isa = PBXNativeTarget;
			buildConfigurationList = 556F9C7D221F12EE00527537 /* Build configuration list for PBXNativeTarget "TestXcui" */;
			buildPhases = (
				556F9C5C221F12EA00527537 /* Sources */,
				556F9C5D221F12EA00527537 /* Frameworks */,
				556F9C5E221F12EA00527537 /* Resources */,
			);
			buildRules = (
			);
			dependencies = (
			);
			name = TestXcui;
			productName = TestXcui;
			productReference = 556F9C60221F12EA00527537 /* TestXcui.app */;
			productType = "com.apple.product-type.application";
		};
		556F9C73221F12EE00527537 /* TestXcuiUITests */ = {
			isa = PBXNativeTarget;
			buildConfigurationList = 556F9C80221F12EE00527537 /* Build configuration list for PBXNativeTarget "TestXcuiUITests" */;
			buildPhases = (
				556F9C70221F12EE00527537 /* Sources */,
				556F9C71221F12EE00527537 /* Frameworks */,
				556F9C72221F12EE00527537 /* Resources */,
			);
			buildRules = (
			);
			dependencies = (
				556F9C76221F12EE00527537 /* PBXTargetDependency */,
			);
			name = TestXcuiUITests;
			productName = TestXcuiUITests;
			productReference = 556F9C74221F12EE00527537 /* TestXcuiUITests.xctest */;
			productType = "com.apple.product-type.bundle.ui-testing";
		};
/* End PBXNativeTarget section */

/* Begin PBXProject section */
		556F9C58221F12EA00527537 /* Project object */ = {
			isa = PBXProject;
			attributes = {
				LastSwiftUpdateCheck = 1010;
				LastUpgradeCheck = 1010;
				ORGANIZATIONNAME = "Ivy, Marjorie";
				TargetAttributes = {
					556F9C5F221F12EA00527537 = {
						CreatedOnToolsVersion = 10.1;
					};
					556F9C73221F12EE00527537 = {
						CreatedOnToolsVersion = 10.1;
						TestTargetID = 556F9C5F221F12EA00527537;
					};
				};
			};
			buildConfigurationList = 556F9C5B221F12EA00527537 /* Build configuration list for PBXProject "TestXcui" */;
			compatibilityVersion = "Xcode 9.3";
			developmentRegion = en;
			hasScannedForEncodings = 0;
			knownRegions = (
				en,
				Base,
			);
			mainGroup = 556F9C57221F12EA00527537;
			productRefGroup = 556F9C61221F12EA00527537 /* Products */;
			projectDirPath = "";
			projectRoot = "";
			targets = (
				556F9C5F221F12EA00527537 /* TestXcui */,
				556F9C73221F12EE00527537 /* TestXcuiUITests */,
			);
		};
/* End PBXProject section */

/* Begin PBXResourcesBuildPhase section */
		556F9C5E221F12EA00527537 /* Resources */ = {
			isa = PBXResourcesBuildPhase;
			buildActionMask = 2147483647;
			files = (
				556F9C6E221F12EE00527537 /* LaunchScreen.storyboard in Resources */,
				556F9C6B221F12EE00527537 /* Assets.xcassets in Resources */,
				556F9C69221F12EB00527537 /* Main.storyboard in Resources */,
			);
			runOnlyForDeploymentPostprocessing = 0;
		};
		556F9C72221F12EE00527537 /* Resources */ = {
			isa = PBXResourcesBuildPhase;
			buildActionMask = 2147483647;
			files = (
			);
			runOnlyForDeploymentPostprocessing = 0;
		};
/* End PBXResourcesBuildPhase section */

/* Begin PBXSourcesBuildPhase section */
		556F9C5C221F12EA00527537 /* Sources */ = {
			isa = PBXSourcesBuildPhase;
			buildActionMask = 2147483647;
			files = (
				556F9C66221F12EA00527537 /* ViewController.swift in Sources */,
				556F9C64221F12EA00527537 /* AppDelegate.swift in Sources */,
			);
			runOnlyForDeploymentPostprocessing = 0;
		};
		556F9C70221F12EE00527537 /* Sources */ = {
			isa = PBXSourcesBuildPhase;
			buildActionMask = 2147483647;
			files = (
				556F9C79221F12EE00527537 /* TestXcuiUITests.swift in Sources */,
			);
			runOnlyForDeploymentPostprocessing = 0;
		};
/* End PBXSourcesBuildPhase section */

/* Begin PBXTargetDependency section */
		556F9C76221F12EE00527537 /* PBXTargetDependency */ = {
			isa = PBXTargetDependency;
			target = 556F9C5F221F12EA00527537 /* TestXcui */;
			targetProxy = 556F9C75221F12EE00527537 /* PBXContainerItemProxy */;
		};
/* End PBXTargetDependency section */

/* Begin PBXVariantGroup section */
		556F9C67221F12EB00527537 /* Main.storyboard */ = {
			isa = PBXVariantGroup;
			children = (
				556F9C68221F12EB00527537 /* Base */,
			);
			name = Main.storyboard;
			sourceTree = "<group>";
		};
		556F9C6C221F12EE00527537 /* LaunchScreen.storyboard */ = {
			isa = PBXVariantGroup;
			children = (
				556F9C6D221F12EE00527537 /* Base */,
			);
			name = LaunchScreen.storyboard;
			sourceTree = "<group>";
		};
/* End PBXVariantGroup section */

/* Begin XCBuildConfiguration section */
		556F9C7B221F12EE00527537 /* Debug */ = {
			isa = XCBuildConfiguration;
			buildSettings = {
				ALWAYS_SEARCH_USER_PATHS = NO;
				CLANG_ANALYZER_NONNULL = YES;
				CLANG_ANALYZER_NUMBER_OBJECT_CONVERSION = YES_AGGRESSIVE;
				CLANG_CXX_LANGUAGE_STANDARD = "gnu++14";
				CLANG_CXX_LIBRARY = "libc++";
				CLANG_ENABLE_MODULES = YES;
				CLANG_ENABLE_OBJC_ARC = YES;
				CLANG_ENABLE_OBJC_WEAK = YES;
				CLANG_WARN_BLOCK_CAPTURE_AUTORELEASING = YES;
				CLANG_WARN_BOOL_CONVERSION = YES;
				CLANG_WARN_COMMA = YES;
				CLANG_WARN_CONSTANT_CONVERSION = YES;
				CLANG_WARN_DEPRECATED_OBJC_IMPLEMENTATIONS = YES;
				CLANG_WARN_DIRECT_OBJC_ISA_USAGE = YES_ERROR;
				CLANG_WARN_DOCUMENTATION_COMMENTS = YES;
				CLANG_WARN_EMPTY_BODY = YES;
				CLANG_WARN_ENUM_CONVERSION = YES;
				CLANG_WARN_INFINITE_RECURSION = YES;
				CLANG_WARN_INT_CONVERSION = YES;
				CLANG_WARN_NON_LITERAL_NULL_CONVERSION = YES;
				CLANG_WARN_OBJC_IMPLICIT_RETAIN_SELF = YES;
				CLANG_WARN_OBJC_LITERAL_CONVERSION = YES;
				CLANG_WARN_OBJC_ROOT_CLASS = YES_ERROR;
				CLANG_WARN_RANGE_LOOP_ANALYSIS = YES;
				CLANG_WARN_STRICT_PROTOTYPES = YES;
				CLANG_WARN_SUSPICIOUS_MOVE = YES;
				CLANG_WARN_UNGUARDED_AVAILABILITY = YES_AGGRESSIVE;
				CLANG_WARN_UNREACHABLE_CODE = YES;
				CLANG_WARN__DUPLICATE_METHOD_MATCH = YES;
				CODE_SIGN_IDENTITY = "iPhone Developer";
				COPY_PHASE_STRIP = NO;
				DEBUG_INFORMATION_FORMAT = dwarf;
				DEVELOPMENT_TEAM = HBC879M464;
				ENABLE_STRICT_OBJC_MSGSEND = YES;
				ENABLE_TESTABILITY = YES;
				GCC_C_LANGUAGE_STANDARD = gnu11;
				GCC_DYNAMIC_NO_PIC = NO;
				GCC_NO_COMMON_BLOCKS = YES;
				GCC_OPTIMIZATION_LEVEL = 0;
				GCC_PREPROCESSOR_DEFINITIONS = (
					"DEBUG=1",
					"$(inherited)",
				);
				GCC_WARN_64_TO_32_BIT_CONVERSION = YES;
				GCC_WARN_ABOUT_RETURN_TYPE = YES_ERROR;
				GCC_WARN_UNDECLARED_SELECTOR = YES;
				GCC_WARN_UNINITIALIZED_AUTOS = YES_AGGRESSIVE;
				GCC_WARN_UNUSED_FUNCTION = YES;
				GCC_WARN_UNUSED_VARIABLE = YES;
				IPHONEOS_DEPLOYMENT_TARGET = 12.1;
				MTL_ENABLE_DEBUG_INFO = INCLUDE_SOURCE;
				MTL_FAST_MATH = YES;
				ONLY_ACTIVE_ARCH = YES;
				SDKROOT = iphoneos;
				SWIFT_ACTIVE_COMPILATION_CONDITIONS = DEBUG;
				SWIFT_OPTIMIZATION_LEVEL = "-Onone";
			};
			name = Debug;
		};
		556F9C7C221F12EE00527537 /* Release */ = {
			isa = XCBuildConfiguration;
			buildSettings = {
				ALWAYS_SEARCH_USER_PATHS = NO;
				CLANG_ANALYZER_NONNULL = YES;
				CLANG_ANALYZER_NUMBER_OBJECT_CONVERSION = YES_AGGRESSIVE;
				CLANG_CXX_LANGUAGE_STANDARD = "gnu++14";
				CLANG_CXX_LIBRARY = "libc++";
				CLANG_ENABLE_MODULES = YES;
				CLANG_ENABLE_OBJC_ARC = YES;
				CLANG_ENABLE_OBJC_WEAK = YES;
				CLANG_WARN_BLOCK_CAPTURE_AUTORELEASING = YES;
				CLANG_WARN_BOOL_CONVERSION = YES;
				CLANG_WARN_COMMA = YES;
				CLANG_WARN_CONSTANT_CONVERSION = YES;
				CLANG_WARN_DEPRECATED_OBJC_IMPLEMENTATIONS = YES;
				CLANG_WARN_DIRECT_OBJC_ISA_USAGE = YES_ERROR;
				CLANG_WARN_DOCUMENTATION_COMMENTS = YES;
				CLANG_WARN_EMPTY_BODY = YES;
				CLANG_WARN_ENUM_CONVERSION = YES;
				CLANG_WARN_INFINITE_RECURSION = YES;
				CLANG_WARN_INT_CONVERSION = YES;
				CLANG_WARN_NON_LITERAL_NULL_CONVERSION = YES;
				CLANG_WARN_OBJC_IMPLICIT_RETAIN_SELF = YES;
				CLANG_WARN_OBJC_LITERAL_CONVERSION = YES;
				CLANG_WARN_OBJC_ROOT_CLASS = YES_ERROR;
				CLANG_WARN_RANGE_LOOP_ANALYSIS = YES;
				CLANG_WARN_STRICT_PROTOTYPES = YES;
				CLANG_WARN_SUSPICIOUS_MOVE = YES;
				CLANG_WARN_UNGUARDED_AVAILABILITY = YES_AGGRESSIVE;
				CLANG_WARN_UNREACHABLE_CODE = YES;
				CLANG_WARN__DUPLICATE_METHOD_MATCH = YES;
				CODE_SIGN_IDENTITY = "iPhone Developer";
				COPY_PHASE_STRIP = NO;
				DEBUG_INFORMATION_FORMAT = "dwarf-with-dsym";
				DEVELOPMENT_TEAM = HBC879M464;
				ENABLE_NS_ASSERTIONS = NO;
				ENABLE_STRICT_OBJC_MSGSEND = YES;
				GCC_C_LANGUAGE_STANDARD = gnu11;
				GCC_NO_COMMON_BLOCKS = YES;
				GCC_WARN_64_TO_32_BIT_CONVERSION = YES;
				GCC_WARN_ABOUT_RETURN_TYPE = YES_ERROR;
				GCC_WARN_UNDECLARED_SELECTOR = YES;
				GCC_WARN_UNINITIALIZED_AUTOS = YES_AGGRESSIVE;
				GCC_WARN_UNUSED_FUNCTION = YES;
				GCC_WARN_UNUSED_VARIABLE = YES;
				IPHONEOS_DEPLOYMENT_TARGET = 12.1;
				MTL_ENABLE_DEBUG_INFO = NO;
				MTL_FAST_MATH = YES;
				SDKROOT = iphoneos;
				SWIFT_COMPILATION_MODE = wholemodule;
				SWIFT_OPTIMIZATION_LEVEL = "-O";
				VALIDATE_PRODUCT = YES;
			};
			name = Release;
		};
		556F9C7E221F12EE00527537 /* Debug */ = {
			isa = XCBuildConfiguration;
			buildSettings = {
				ASSETCATALOG_COMPILER_APPICON_NAME = AppIcon;
				CODE_SIGN_STYLE = Automatic;
				DEVELOPMENT_TEAM = HBC879M464;
				INFOPLIST_FILE = TestXcui/Info.plist;
				LD_RUNPATH_SEARCH_PATHS = (
					"$(inherited)",
					"@executable_path/Frameworks",
				);
				PRODUCT_BUNDLE_IDENTIFIER = com.marjorie.TestXcui;
				PRODUCT_NAME = "$(TARGET_NAME)";
				SWIFT_VERSION = 4.2;
				TARGETED_DEVICE_FAMILY = "1,2";
			};
			name = Debug;
		};
		556F9C7F221F12EE00527537 /* Release */ = {
			isa = XCBuildConfiguration;
			buildSettings = {
				ASSETCATALOG_COMPILER_APPICON_NAME = AppIcon;
				CODE_SIGN_STYLE = Automatic;
				DEVELOPMENT_TEAM = HBC879M464;
				INFOPLIST_FILE = TestXcui/Info.plist;
				LD_RUNPATH_SEARCH_PATHS = (
					"$(inherited)",
					"@executable_path/Frameworks",
				);
				PRODUCT_BUNDLE_IDENTIFIER = com.marjorie.TestXcui;
				PRODUCT_NAME = "$(TARGET_NAME)";
				SWIFT_VERSION = 4.2;
				TARGETED_DEVICE_FAMILY = "1,2";
			};
			name = Release;
		};
		556F9C81221F12EE00527537 /* Debug */ = {
			isa = XCBuildConfiguration;
			buildSettings = {
				ALWAYS_EMBED_SWIFT_STANDARD_LIBRARIES = YES;
				CODE_SIGN_STYLE = Automatic;
				DEVELOPMENT_TEAM = HBC879M464;
				ENABLE_BITCODE = YES;
				INFOPLIST_FILE = TestXcuiUITests/Info.plist;
				LD_RUNPATH_SEARCH_PATHS = (
					"$(inherited)",
					"@executable_path/Frameworks",
					"@loader_path/Frameworks",
				);
				PRODUCT_BUNDLE_IDENTIFIER = com.marjorie.TestXcuiUITests;
				PRODUCT_NAME = "$(TARGET_NAME)";
				SWIFT_VERSION = 4.2;
				TARGETED_DEVICE_FAMILY = "1,2";
				TEST_TARGET_NAME = TestXcui;
			};
			name = Debug;
		};
		556F9C82221F12EE00527537 /* Release */ = {
			isa = XCBuildConfiguration;
			buildSettings = {
				ALWAYS_EMBED_SWIFT_STANDARD_LIBRARIES = YES;
				CODE_SIGN_STYLE = Automatic;
				DEVELOPMENT_TEAM = HBC879M464;
				ENABLE_BITCODE = YES;
				INFOPLIST_FILE = TestXcuiUITests/Info.plist;
				LD_RUNPATH_SEARCH_PATHS = (
					"$(inherited)",
					"@executable_path/Frameworks",
					"@loader_path/Frameworks",
				);
				PRODUCT_BUNDLE_IDENTIFIER = com.marjorie.TestXcuiUITests;
				PRODUCT_NAME = "$(TARGET_NAME)";
				SWIFT_VERSION = 4.2;
				TARGETED_DEVICE_FAMILY = "1,2";
				TEST_TARGET_NAME = TestXcui;
			};
			name = Release;
		};
/* End XCBuildConfiguration section */

/* Begin XCConfigurationList section */
		556F9C5B221F12EA00527537 /* Build configuration list for PBXProject "TestXcui" */ = {
			isa = XCConfigurationList;
			buildConfigurations = (
				556F9C7B221F12EE00527537 /* Debug */,
				556F9C7C221F12EE00527537 /* Release */,
			);
			defaultConfigurationIsVisible = 0;
			defaultConfigurationName = Release;
		};
		556F9C7D221F12EE00527537 /* Build configuration list for PBXNativeTarget "TestXcui" */ = {
			isa = XCConfigurationList;
			buildConfigurations = (
				556F9C7E221F12EE00527537 /* Debug */,
				556F9C7F221F12EE00527537 /* Release */,
			);
			defaultConfigurationIsVisible = 0;
			defaultConfigurationName = Release;
		};
		556F9C80221F12EE00527537 /* Build configuration list for PBXNativeTarget "TestXcuiUITests" */ = {
			isa = XCConfigurationList;
			buildConfigurations = (
				556F9C81221F12EE00527537 /* Debug */,
				556F9C82221F12EE00527537 /* Release */,
			);
			defaultConfigurationIsVisible = 0;
			defaultConfigurationName = Release;
		};
/* End XCConfigurationList section */
	};
	rootObject = 556F9C58221F12EA00527537 /* Project object */;
}
